// !$*UTF8*$!
{
	archiveVersion = 1;
	classes = {
	};
	objectVersion = 55;
	objects = {

/* Begin PBXBuildFile section */
		873D42D92828FFA30013DADF /* ExpenseTrackerApp.swift in Sources */ = {isa = PBXBuildFile; fileRef = 873D42D82828FFA30013DADF /* ExpenseTrackerApp.swift */; };
		873D42DB2828FFA30013DADF /* ContentView.swift in Sources */ = {isa = PBXBuildFile; fileRef = 873D42DA2828FFA30013DADF /* ContentView.swift */; };
		873D42DD2828FFA50013DADF /* Assets.xcassets in Resources */ = {isa = PBXBuildFile; fileRef = 873D42DC2828FFA50013DADF /* Assets.xcassets */; };
		873D42E02828FFA50013DADF /* Preview Assets.xcassets in Resources */ = {isa = PBXBuildFile; fileRef = 873D42DF2828FFA50013DADF /* Preview Assets.xcassets */; };
		873D42E7282900BD0013DADF /* Extensions.swift in Sources */ = {isa = PBXBuildFile; fileRef = 873D42E6282900BD0013DADF /* Extensions.swift */; };
		873D42EB282903680013DADF /* TransactionModel.swift in Sources */ = {isa = PBXBuildFile; fileRef = 873D42EA282903680013DADF /* TransactionModel.swift */; };
		873D42ED2829054F0013DADF /* PreviewData.swift in Sources */ = {isa = PBXBuildFile; fileRef = 873D42EC2829054F0013DADF /* PreviewData.swift */; };
		873D42EF282906740013DADF /* TransactionRow.swift in Sources */ = {isa = PBXBuildFile; fileRef = 873D42EE282906740013DADF /* TransactionRow.swift */; };
		873D42F228290AED0013DADF /* SwiftUIFontIcon in Frameworks */ = {isa = PBXBuildFile; productRef = 873D42F128290AED0013DADF /* SwiftUIFontIcon */; };
		873D42F428292CBC0013DADF /* TransactionListViewModel.swift in Sources */ = {isa = PBXBuildFile; fileRef = 873D42F328292CBC0013DADF /* TransactionListViewModel.swift */; };
		873D42F628293F6C0013DADF /* RecentTransactionList.swift in Sources */ = {isa = PBXBuildFile; fileRef = 873D42F528293F6C0013DADF /* RecentTransactionList.swift */; };
		873D42F8282966760013DADF /* transactions.json in Resources */ = {isa = PBXBuildFile; fileRef = 873D42F7282966760013DADF /* transactions.json */; };
		873D42FA282A443C0013DADF /* TransactionList.swift in Sources */ = {isa = PBXBuildFile; fileRef = 873D42F9282A443C0013DADF /* TransactionList.swift */; };
		873D42FD282A46AF0013DADF /* Collections in Frameworks */ = {isa = PBXBuildFile; productRef = 873D42FC282A46AF0013DADF /* Collections */; };
		873D42FF282A46AF0013DADF /* DequeModule in Frameworks */ = {isa = PBXBuildFile; productRef = 873D42FE282A46AF0013DADF /* DequeModule */; };
		873D4301282A46AF0013DADF /* OrderedCollections in Frameworks */ = {isa = PBXBuildFile; productRef = 873D4300282A46AF0013DADF /* OrderedCollections */; };
		873D4304282A48380013DADF /* SwiftUICharts in Frameworks */ = {isa = PBXBuildFile; productRef = 873D4303282A48380013DADF /* SwiftUICharts */; };
/* End PBXBuildFile section */

/* Begin PBXFileReference section */
		873D42D52828FFA30013DADF /* ExpenseTracker.app */ = {isa = PBXFileReference; explicitFileType = wrapper.application; includeInIndex = 0; path = ExpenseTracker.app; sourceTree = BUILT_PRODUCTS_DIR; };
		873D42D82828FFA30013DADF /* ExpenseTrackerApp.swift */ = {isa = PBXFileReference; lastKnownFileType = sourcecode.swift; path = ExpenseTrackerApp.swift; sourceTree = "<group>"; };
		873D42DA2828FFA30013DADF /* ContentView.swift */ = {isa = PBXFileReference; lastKnownFileType = sourcecode.swift; path = ContentView.swift; sourceTree = "<group>"; };
		873D42DC2828FFA50013DADF /* Assets.xcassets */ = {isa = PBXFileReference; lastKnownFileType = folder.assetcatalog; path = Assets.xcassets; sourceTree = "<group>"; };
		873D42DF2828FFA50013DADF /* Preview Assets.xcassets */ = {isa = PBXFileReference; lastKnownFileType = folder.assetcatalog; path = "Preview Assets.xcassets"; sourceTree = "<group>"; };
		873D42E6282900BD0013DADF /* Extensions.swift */ = {isa = PBXFileReference; lastKnownFileType = sourcecode.swift; path = Extensions.swift; sourceTree = "<group>"; };
		873D42EA282903680013DADF /* TransactionModel.swift */ = {isa = PBXFileReference; lastKnownFileType = sourcecode.swift; path = TransactionModel.swift; sourceTree = "<group>"; };
		873D42EC2829054F0013DADF /* PreviewData.swift */ = {isa = PBXFileReference; lastKnownFileType = sourcecode.swift; path = PreviewData.swift; sourceTree = "<group>"; };
		873D42EE282906740013DADF /* TransactionRow.swift */ = {isa = PBXFileReference; lastKnownFileType = sourcecode.swift; path = TransactionRow.swift; sourceTree = "<group>"; };
		873D42F328292CBC0013DADF /* TransactionListViewModel.swift */ = {isa = PBXFileReference; lastKnownFileType = sourcecode.swift; path = TransactionListViewModel.swift; sourceTree = "<group>"; };
		873D42F528293F6C0013DADF /* RecentTransactionList.swift */ = {isa = PBXFileReference; lastKnownFileType = sourcecode.swift; path = RecentTransactionList.swift; sourceTree = "<group>"; };
		873D42F7282966760013DADF /* transactions.json */ = {isa = PBXFileReference; fileEncoding = 4; lastKnownFileType = text.json; path = transactions.json; sourceTree = "<group>"; };
		873D42F9282A443C0013DADF /* TransactionList.swift */ = {isa = PBXFileReference; lastKnownFileType = sourcecode.swift; path = TransactionList.swift; sourceTree = "<group>"; };
/* End PBXFileReference section */

/* Begin PBXFrameworksBuildPhase section */
		873D42D22828FFA30013DADF /* Frameworks */ = {
			isa = PBXFrameworksBuildPhase;
			buildActionMask = 2147483647;
			files = (
				873D42FD282A46AF0013DADF /* Collections in Frameworks */,
				873D42F228290AED0013DADF /* SwiftUIFontIcon in Frameworks */,
				873D4301282A46AF0013DADF /* OrderedCollections in Frameworks */,
				873D42FF282A46AF0013DADF /* DequeModule in Frameworks */,
				873D4304282A48380013DADF /* SwiftUICharts in Frameworks */,
			);
			runOnlyForDeploymentPostprocessing = 0;
		};
/* End PBXFrameworksBuildPhase section */

/* Begin PBXGroup section */
		873D42CC2828FFA20013DADF = {
			isa = PBXGroup;
			children = (
				873D42D72828FFA30013DADF /* ExpenseTracker */,
				873D42D62828FFA30013DADF /* Products */,
			);
			sourceTree = "<group>";
		};
		873D42D62828FFA30013DADF /* Products */ = {
			isa = PBXGroup;
			children = (
				873D42D52828FFA30013DADF /* ExpenseTracker.app */,
			);
			name = Products;
			sourceTree = "<group>";
		};
		873D42D72828FFA30013DADF /* ExpenseTracker */ = {
			isa = PBXGroup;
			children = (
				873D42D82828FFA30013DADF /* ExpenseTrackerApp.swift */,
				873D42DA2828FFA30013DADF /* ContentView.swift */,
				873D42F528293F6C0013DADF /* RecentTransactionList.swift */,
				873D42EE282906740013DADF /* TransactionRow.swift */,
				873D42F9282A443C0013DADF /* TransactionList.swift */,
				873D42F328292CBC0013DADF /* TransactionListViewModel.swift */,
				873D42EA282903680013DADF /* TransactionModel.swift */,
				873D42E6282900BD0013DADF /* Extensions.swift */,
				873D42F7282966760013DADF /* transactions.json */,
				873D42DC2828FFA50013DADF /* Assets.xcassets */,
				873D42DE2828FFA50013DADF /* Preview Content */,
			);
			path = ExpenseTracker;
			sourceTree = "<group>";
		};
		873D42DE2828FFA50013DADF /* Preview Content */ = {
			isa = PBXGroup;
			children = (
				873D42DF2828FFA50013DADF /* Preview Assets.xcassets */,
				873D42EC2829054F0013DADF /* PreviewData.swift */,
			);
			path = "Preview Content";
			sourceTree = "<group>";
		};
/* End PBXGroup section */

/* Begin PBXNativeTarget section */
		873D42D42828FFA30013DADF /* ExpenseTracker */ = {
			isa = PBXNativeTarget;
			buildConfigurationList = 873D42E32828FFA50013DADF /* Build configuration list for PBXNativeTarget "ExpenseTracker" */;
			buildPhases = (
				873D42D12828FFA30013DADF /* Sources */,
				873D42D22828FFA30013DADF /* Frameworks */,
				873D42D32828FFA30013DADF /* Resources */,
			);
			buildRules = (
			);
			dependencies = (
			);
			name = ExpenseTracker;
			packageProductDependencies = (
				873D42F128290AED0013DADF /* SwiftUIFontIcon */,
				873D42FC282A46AF0013DADF /* Collections */,
				873D42FE282A46AF0013DADF /* DequeModule */,
				873D4300282A46AF0013DADF /* OrderedCollections */,
				873D4303282A48380013DADF /* SwiftUICharts */,
			);
			productName = ExpenseTracker;
			productReference = 873D42D52828FFA30013DADF /* ExpenseTracker.app */;
			productType = "com.apple.product-type.application";
		};
/* End PBXNativeTarget section */

/* Begin PBXProject section */
		873D42CD2828FFA20013DADF /* Project object */ = {
			isa = PBXProject;
			attributes = {
				BuildIndependentTargetsInParallel = 1;
				LastSwiftUpdateCheck = 1310;
				LastUpgradeCheck = 1310;
				TargetAttributes = {
					873D42D42828FFA30013DADF = {
						CreatedOnToolsVersion = 13.1;
					};
				};
			};
			buildConfigurationList = 873D42D02828FFA20013DADF /* Build configuration list for PBXProject "ExpenseTracker" */;
			compatibilityVersion = "Xcode 13.0";
			developmentRegion = en;
			hasScannedForEncodings = 0;
			knownRegions = (
				en,
				Base,
			);
			mainGroup = 873D42CC2828FFA20013DADF;
			packageReferences = (
				873D42F028290AED0013DADF /* XCRemoteSwiftPackageReference "SwiftUIFontIcon" */,
				873D42FB282A46AF0013DADF /* XCRemoteSwiftPackageReference "swift-collections" */,
				873D4302282A48380013DADF /* XCRemoteSwiftPackageReference "ChartView" */,
			);
			productRefGroup = 873D42D62828FFA30013DADF /* Products */;
			projectDirPath = "";
			projectRoot = "";
			targets = (
				873D42D42828FFA30013DADF /* ExpenseTracker */,
			);
		};
/* End PBXProject section */

/* Begin PBXResourcesBuildPhase section */
		873D42D32828FFA30013DADF /* Resources */ = {
			isa = PBXResourcesBuildPhase;
			buildActionMask = 2147483647;
			files = (
				873D42F8282966760013DADF /* transactions.json in Resources */,
				873D42E02828FFA50013DADF /* Preview Assets.xcassets in Resources */,
				873D42DD2828FFA50013DADF /* Assets.xcassets in Resources */,
			);
			runOnlyForDeploymentPostprocessing = 0;
		};
/* End PBXResourcesBuildPhase section */

/* Begin PBXSourcesBuildPhase section */
		873D42D12828FFA30013DADF /* Sources */ = {
			isa = PBXSourcesBuildPhase;
			buildActionMask = 2147483647;
			files = (
				873D42ED2829054F0013DADF /* PreviewData.swift in Sources */,
				873D42FA282A443C0013DADF /* TransactionList.swift in Sources */,
				873D42F628293F6C0013DADF /* RecentTransactionList.swift in Sources */,
				873D42EB282903680013DADF /* TransactionModel.swift in Sources */,
				873D42DB2828FFA30013DADF /* ContentView.swift in Sources */,
				873D42EF282906740013DADF /* TransactionRow.swift in Sources */,
				873D42E7282900BD0013DADF /* Extensions.swift in Sources */,
				873D42F428292CBC0013DADF /* TransactionListViewModel.swift in Sources */,
				873D42D92828FFA30013DADF /* ExpenseTrackerApp.swift in Sources */,
			);
			runOnlyForDeploymentPostprocessing = 0;
		};
/* End PBXSourcesBuildPhase section */

/* Begin XCBuildConfiguration section */
		873D42E12828FFA50013DADF /* Debug */ = {
			isa = XCBuildConfiguration;
			buildSettings = {
				ALWAYS_SEARCH_USER_PATHS = NO;
				CLANG_ANALYZER_NONNULL = YES;
				CLANG_ANALYZER_NUMBER_OBJECT_CONVERSION = YES_AGGRESSIVE;
				CLANG_CXX_LANGUAGE_STANDARD = "gnu++17";
				CLANG_CXX_LIBRARY = "libc++";
				CLANG_ENABLE_MODULES = YES;
				CLANG_ENABLE_OBJC_ARC = YES;
				CLANG_ENABLE_OBJC_WEAK = YES;
				CLANG_WARN_BLOCK_CAPTURE_AUTORELEASING = YES;
				CLANG_WARN_BOOL_CONVERSION = YES;
				CLANG_WARN_COMMA = YES;
				CLANG_WARN_CONSTANT_CONVERSION = YES;
				CLANG_WARN_DEPRECATED_OBJC_IMPLEMENTATIONS = YES;
				CLANG_WARN_DIRECT_OBJC_ISA_USAGE = YES_ERROR;
				CLANG_WARN_DOCUMENTATION_COMMENTS = YES;
				CLANG_WARN_EMPTY_BODY = YES;
				CLANG_WARN_ENUM_CONVERSION = YES;
				CLANG_WARN_INFINITE_RECURSION = YES;
				CLANG_WARN_INT_CONVERSION = YES;
				CLANG_WARN_NON_LITERAL_NULL_CONVERSION = YES;
				CLANG_WARN_OBJC_IMPLICIT_RETAIN_SELF = YES;
				CLANG_WARN_OBJC_LITERAL_CONVERSION = YES;
				CLANG_WARN_OBJC_ROOT_CLASS = YES_ERROR;
				CLANG_WARN_QUOTED_INCLUDE_IN_FRAMEWORK_HEADER = YES;
				CLANG_WARN_RANGE_LOOP_ANALYSIS = YES;
				CLANG_WARN_STRICT_PROTOTYPES = YES;
				CLANG_WARN_SUSPICIOUS_MOVE = YES;
				CLANG_WARN_UNGUARDED_AVAILABILITY = YES_AGGRESSIVE;
				CLANG_WARN_UNREACHABLE_CODE = YES;
				CLANG_WARN__DUPLICATE_METHOD_MATCH = YES;
				COPY_PHASE_STRIP = NO;
				DEBUG_INFORMATION_FORMAT = dwarf;
				ENABLE_STRICT_OBJC_MSGSEND = YES;
				ENABLE_TESTABILITY = YES;
				GCC_C_LANGUAGE_STANDARD = gnu11;
				GCC_DYNAMIC_NO_PIC = NO;
				GCC_NO_COMMON_BLOCKS = YES;
				GCC_OPTIMIZATION_LEVEL = 0;
				GCC_PREPROCESSOR_DEFINITIONS = (
					"DEBUG=1",
					"$(inherited)",
				);
				GCC_WARN_64_TO_32_BIT_CONVERSION = YES;
				GCC_WARN_ABOUT_RETURN_TYPE = YES_ERROR;
				GCC_WARN_UNDECLARED_SELECTOR = YES;
				GCC_WARN_UNINITIALIZED_AUTOS = YES_AGGRESSIVE;
				GCC_WARN_UNUSED_FUNCTION = YES;
				GCC_WARN_UNUSED_VARIABLE = YES;
				IPHONEOS_DEPLOYMENT_TARGET = 15.0;
				MTL_ENABLE_DEBUG_INFO = INCLUDE_SOURCE;
				MTL_FAST_MATH = YES;
				ONLY_ACTIVE_ARCH = YES;
				SDKROOT = iphoneos;
				SWIFT_ACTIVE_COMPILATION_CONDITIONS = DEBUG;
				SWIFT_OPTIMIZATION_LEVEL = "-Onone";
			};
			name = Debug;
		};
		873D42E22828FFA50013DADF /* Release */ = {
			isa = XCBuildConfiguration;
			buildSettings = {
				ALWAYS_SEARCH_USER_PATHS = NO;
				CLANG_ANALYZER_NONNULL = YES;
				CLANG_ANALYZER_NUMBER_OBJECT_CONVERSION = YES_AGGRESSIVE;
				CLANG_CXX_LANGUAGE_STANDARD = "gnu++17";
				CLANG_CXX_LIBRARY = "libc++";
				CLANG_ENABLE_MODULES = YES;
				CLANG_ENABLE_OBJC_ARC = YES;
				CLANG_ENABLE_OBJC_WEAK = YES;
				CLANG_WARN_BLOCK_CAPTURE_AUTORELEASING = YES;
				CLANG_WARN_BOOL_CONVERSION = YES;
				CLANG_WARN_COMMA = YES;
				CLANG_WARN_CONSTANT_CONVERSION = YES;
				CLANG_WARN_DEPRECATED_OBJC_IMPLEMENTATIONS = YES;
				CLANG_WARN_DIRECT_OBJC_ISA_USAGE = YES_ERROR;
				CLANG_WARN_DOCUMENTATION_COMMENTS = YES;
				CLANG_WARN_EMPTY_BODY = YES;
				CLANG_WARN_ENUM_CONVERSION = YES;
				CLANG_WARN_INFINITE_RECURSION = YES;
				CLANG_WARN_INT_CONVERSION = YES;
				CLANG_WARN_NON_LITERAL_NULL_CONVERSION = YES;
				CLANG_WARN_OBJC_IMPLICIT_RETAIN_SELF = YES;
				CLANG_WARN_OBJC_LITERAL_CONVERSION = YES;
				CLANG_WARN_OBJC_ROOT_CLASS = YES_ERROR;
				CLANG_WARN_QUOTED_INCLUDE_IN_FRAMEWORK_HEADER = YES;
				CLANG_WARN_RANGE_LOOP_ANALYSIS = YES;
				CLANG_WARN_STRICT_PROTOTYPES = YES;
				CLANG_WARN_SUSPICIOUS_MOVE = YES;
				CLANG_WARN_UNGUARDED_AVAILABILITY = YES_AGGRESSIVE;
				CLANG_WARN_UNREACHABLE_CODE = YES;
				CLANG_WARN__DUPLICATE_METHOD_MATCH = YES;
				COPY_PHASE_STRIP = NO;
				DEBUG_INFORMATION_FORMAT = "dwarf-with-dsym";
				ENABLE_NS_ASSERTIONS = NO;
				ENABLE_STRICT_OBJC_MSGSEND = YES;
				GCC_C_LANGUAGE_STANDARD = gnu11;
				GCC_NO_COMMON_BLOCKS = YES;
				GCC_WARN_64_TO_32_BIT_CONVERSION = YES;
				GCC_WARN_ABOUT_RETURN_TYPE = YES_ERROR;
				GCC_WARN_UNDECLARED_SELECTOR = YES;
				GCC_WARN_UNINITIALIZED_AUTOS = YES_AGGRESSIVE;
				GCC_WARN_UNUSED_FUNCTION = YES;
				GCC_WARN_UNUSED_VARIABLE = YES;
				IPHONEOS_DEPLOYMENT_TARGET = 15.0;
				MTL_ENABLE_DEBUG_INFO = NO;
				MTL_FAST_MATH = YES;
				SDKROOT = iphoneos;
				SWIFT_COMPILATION_MODE = wholemodule;
				SWIFT_OPTIMIZATION_LEVEL = "-O";
				VALIDATE_PRODUCT = YES;
			};
			name = Release;
		};
		873D42E42828FFA50013DADF /* Debug */ = {
			isa = XCBuildConfiguration;
			buildSettings = {
				ASSETCATALOG_COMPILER_APPICON_NAME = AppIcon;
				ASSETCATALOG_COMPILER_GLOBAL_ACCENT_COLOR_NAME = AccentColor;
				CODE_SIGN_STYLE = Automatic;
				CURRENT_PROJECT_VERSION = 1;
				DEVELOPMENT_ASSET_PATHS = "\"ExpenseTracker/Preview Content\"";
				DEVELOPMENT_TEAM = BZ54D5HZJ8;
				ENABLE_PREVIEWS = YES;
				GENERATE_INFOPLIST_FILE = YES;
				INFOPLIST_KEY_UIApplicationSceneManifest_Generation = YES;
				INFOPLIST_KEY_UIApplicationSupportsIndirectInputEvents = YES;
				INFOPLIST_KEY_UILaunchScreen_Generation = YES;
				INFOPLIST_KEY_UISupportedInterfaceOrientations_iPad = "UIInterfaceOrientationPortrait UIInterfaceOrientationPortraitUpsideDown UIInterfaceOrientationLandscapeLeft UIInterfaceOrientationLandscapeRight";
				INFOPLIST_KEY_UISupportedInterfaceOrientations_iPhone = "UIInterfaceOrientationPortrait UIInterfaceOrientationLandscapeLeft UIInterfaceOrientationLandscapeRight";
				LD_RUNPATH_SEARCH_PATHS = (
					"$(inherited)",
					"@executable_path/Frameworks",
				);
				MARKETING_VERSION = 1.0;
				PRODUCT_BUNDLE_IDENTIFIER = me.manap.dias.ExpenseTracker;
				PRODUCT_NAME = "$(TARGET_NAME)";
				SWIFT_EMIT_LOC_STRINGS = YES;
				SWIFT_VERSION = 5.0;
				TARGETED_DEVICE_FAMILY = "1,2";
			};
			name = Debug;
		};
		873D42E52828FFA50013DADF /* Release */ = {
			isa = XCBuildConfiguration;
			buildSettings = {
				ASSETCATALOG_COMPILER_APPICON_NAME = AppIcon;
				ASSETCATALOG_COMPILER_GLOBAL_ACCENT_COLOR_NAME = AccentColor;
				CODE_SIGN_STYLE = Automatic;
				CURRENT_PROJECT_VERSION = 1;
				DEVELOPMENT_ASSET_PATHS = "\"ExpenseTracker/Preview Content\"";
				DEVELOPMENT_TEAM = BZ54D5HZJ8;
				ENABLE_PREVIEWS = YES;
				GENERATE_INFOPLIST_FILE = YES;
				INFOPLIST_KEY_UIApplicationSceneManifest_Generation = YES;
				INFOPLIST_KEY_UIApplicationSupportsIndirectInputEvents = YES;
				INFOPLIST_KEY_UILaunchScreen_Generation = YES;
				INFOPLIST_KEY_UISupportedInterfaceOrientations_iPad = "UIInterfaceOrientationPortrait UIInterfaceOrientationPortraitUpsideDown UIInterfaceOrientationLandscapeLeft UIInterfaceOrientationLandscapeRight";
				INFOPLIST_KEY_UISupportedInterfaceOrientations_iPhone = "UIInterfaceOrientationPortrait UIInterfaceOrientationLandscapeLeft UIInterfaceOrientationLandscapeRight";
				LD_RUNPATH_SEARCH_PATHS = (
					"$(inherited)",
					"@executable_path/Frameworks",
				);
				MARKETING_VERSION = 1.0;
				PRODUCT_BUNDLE_IDENTIFIER = me.manap.dias.ExpenseTracker;
				PRODUCT_NAME = "$(TARGET_NAME)";
				SWIFT_EMIT_LOC_STRINGS = YES;
				SWIFT_VERSION = 5.0;
				TARGETED_DEVICE_FAMILY = "1,2";
			};
			name = Release;
		};
/* End XCBuildConfiguration section */

/* Begin XCConfigurationList section */
		873D42D02828FFA20013DADF /* Build configuration list for PBXProject "ExpenseTracker" */ = {
			isa = XCConfigurationList;
			buildConfigurations = (
				873D42E12828FFA50013DADF /* Debug */,
				873D42E22828FFA50013DADF /* Release */,
			);
			defaultConfigurationIsVisible = 0;
			defaultConfigurationName = Release;
		};
		873D42E32828FFA50013DADF /* Build configuration list for PBXNativeTarget "ExpenseTracker" */ = {
			isa = XCConfigurationList;
			buildConfigurations = (
				873D42E42828FFA50013DADF /* Debug */,
				873D42E52828FFA50013DADF /* Release */,
			);
			defaultConfigurationIsVisible = 0;
			defaultConfigurationName = Release;
		};
/* End XCConfigurationList section */

/* Begin XCRemoteSwiftPackageReference section */
		873D42F028290AED0013DADF /* XCRemoteSwiftPackageReference "SwiftUIFontIcon" */ = {
			isa = XCRemoteSwiftPackageReference;
			repositoryURL = "https://github.com/huybuidac/SwiftUIFontIcon";
			requirement = {
				branch = master;
				kind = branch;
			};
		};
		873D42FB282A46AF0013DADF /* XCRemoteSwiftPackageReference "swift-collections" */ = {
			isa = XCRemoteSwiftPackageReference;
			repositoryURL = "https://github.com/apple/swift-collections.git";
			requirement = {
				kind = upToNextMajorVersion;
				minimumVersion = 1.0.0;
			};
		};
		873D4302282A48380013DADF /* XCRemoteSwiftPackageReference "ChartView" */ = {
			isa = XCRemoteSwiftPackageReference;
			repositoryURL = "https://github.com/AppPear/ChartView";
			requirement = {
				kind = exactVersion;
				version = "2.0.0-beta.2";
			};
		};
/* End XCRemoteSwiftPackageReference section */

/* Begin XCSwiftPackageProductDependency section */
		873D42F128290AED0013DADF /* SwiftUIFontIcon */ = {
			isa = XCSwiftPackageProductDependency;
			package = 873D42F028290AED0013DADF /* XCRemoteSwiftPackageReference "SwiftUIFontIcon" */;
			productName = SwiftUIFontIcon;
		};
		873D42FC282A46AF0013DADF /* Collections */ = {
			isa = XCSwiftPackageProductDependency;
			package = 873D42FB282A46AF0013DADF /* XCRemoteSwiftPackageReference "swift-collections" */;
			productName = Collections;
		};
		873D42FE282A46AF0013DADF /* DequeModule */ = {
			isa = XCSwiftPackageProductDependency;
			package = 873D42FB282A46AF0013DADF /* XCRemoteSwiftPackageReference "swift-collections" */;
			productName = DequeModule;
		};
		873D4300282A46AF0013DADF /* OrderedCollections */ = {
			isa = XCSwiftPackageProductDependency;
			package = 873D42FB282A46AF0013DADF /* XCRemoteSwiftPackageReference "swift-collections" */;
			productName = OrderedCollections;
		};
		873D4303282A48380013DADF /* SwiftUICharts */ = {
			isa = XCSwiftPackageProductDependency;
			package = 873D4302282A48380013DADF /* XCRemoteSwiftPackageReference "ChartView" */;
			productName = SwiftUICharts;
		};
/* End XCSwiftPackageProductDependency section */
	};
	rootObject = 873D42CD2828FFA20013DADF /* Project object */;
}
